// !$*UTF8*$!
{
	archiveVersion = 1;
	classes = {
	};
	objectVersion = 50;
	objects = {

/* Begin PBXBuildFile section */
		BFBACA9B5DDD151DA29C56E4 /* Pods_ZHYPhoto.framework in Frameworks */ = {isa = PBXBuildFile; fileRef = 95544C5E82A6861FAB729CEA /* Pods_ZHYPhoto.framework */; };
		D6A9460022CA0694003CB220 /* ChooseLicenseAccessoryVC.m in Sources */ = {isa = PBXBuildFile; fileRef = D6A945D022CA0694003CB220 /* ChooseLicenseAccessoryVC.m */; };
		D6A9460122CA0694003CB220 /* ChooseLicenseAccessoryView.m in Sources */ = {isa = PBXBuildFile; fileRef = D6A945D122CA0694003CB220 /* ChooseLicenseAccessoryView.m */; };
		D6A9460222CA0694003CB220 /* ChooseLicenseAccessoryView.xib in Resources */ = {isa = PBXBuildFile; fileRef = D6A945D222CA0694003CB220 /* ChooseLicenseAccessoryView.xib */; };
		D6A9460322CA0694003CB220 /* ZHYPhoto.m in Sources */ = {isa = PBXBuildFile; fileRef = D6A945D522CA0694003CB220 /* ZHYPhoto.m */; };
		D6A9460422CA0694003CB220 /* CustomCameraVC.xib in Resources */ = {isa = PBXBuildFile; fileRef = D6A945DC22CA0694003CB220 /* CustomCameraVC.xib */; };
		D6A9460522CA0694003CB220 /* CustomCameraCVCell.xib in Resources */ = {isa = PBXBuildFile; fileRef = D6A945DD22CA0694003CB220 /* CustomCameraCVCell.xib */; };
		D6A9460622CA0694003CB220 /* CustomCameraUsePhotoView.xib in Resources */ = {isa = PBXBuildFile; fileRef = D6A945DE22CA0694003CB220 /* CustomCameraUsePhotoView.xib */; };
		D6A9460722CA0694003CB220 /* CustomCameraCVCell.m in Sources */ = {isa = PBXBuildFile; fileRef = D6A945DF22CA0694003CB220 /* CustomCameraCVCell.m */; };
		D6A9460822CA0694003CB220 /* CustomCameraVC.m in Sources */ = {isa = PBXBuildFile; fileRef = D6A945E022CA0694003CB220 /* CustomCameraVC.m */; };
		D6A9460922CA0694003CB220 /* CustomCameraUsePhotoView.m in Sources */ = {isa = PBXBuildFile; fileRef = D6A945E122CA0694003CB220 /* CustomCameraUsePhotoView.m */; };
		D6A9460A22CA0694003CB220 /* CertificateTableViewCell.xib in Resources */ = {isa = PBXBuildFile; fileRef = D6A945E522CA0694003CB220 /* CertificateTableViewCell.xib */; };
		D6A9460B22CA0694003CB220 /* CertificateCollectionViewCell.m in Sources */ = {isa = PBXBuildFile; fileRef = D6A945E622CA0694003CB220 /* CertificateCollectionViewCell.m */; };
		D6A9460C22CA0694003CB220 /* CertificateTableViewCell.m in Sources */ = {isa = PBXBuildFile; fileRef = D6A945E722CA0694003CB220 /* CertificateTableViewCell.m */; };
		D6A9460D22CA0694003CB220 /* CertificateCollectionViewCell.xib in Resources */ = {isa = PBXBuildFile; fileRef = D6A945E822CA0694003CB220 /* CertificateCollectionViewCell.xib */; };
		D6A9460E22CA0694003CB220 /* CustomPhotoAlbumPreviewView.m in Sources */ = {isa = PBXBuildFile; fileRef = D6A945EA22CA0694003CB220 /* CustomPhotoAlbumPreviewView.m */; };
		D6A9460F22CA0694003CB220 /* CustomPhotoAlbumPreviewView.xib in Resources */ = {isa = PBXBuildFile; fileRef = D6A945EC22CA0694003CB220 /* CustomPhotoAlbumPreviewView.xib */; };
		D6A9461022CA0694003CB220 /* CustomPhotoAlbum.xib in Resources */ = {isa = PBXBuildFile; fileRef = D6A945EE22CA0694003CB220 /* CustomPhotoAlbum.xib */; };
		D6A9461122CA0694003CB220 /* CustomPhotoAlbum.m in Sources */ = {isa = PBXBuildFile; fileRef = D6A945EF22CA0694003CB220 /* CustomPhotoAlbum.m */; };
		D6A9461222CA0694003CB220 /* AlbumTool.m in Sources */ = {isa = PBXBuildFile; fileRef = D6A945F122CA0694003CB220 /* AlbumTool.m */; };
		D6A9461322CA0694003CB220 /* CertificateCellModel.m in Sources */ = {isa = PBXBuildFile; fileRef = D6A945F222CA0694003CB220 /* CertificateCellModel.m */; };
		D6A9461422CA0694003CB220 /* ImagesScrollView.m in Sources */ = {isa = PBXBuildFile; fileRef = D6A945F322CA0694003CB220 /* ImagesScrollView.m */; };
		D6A9461522CA0694003CB220 /* Album.m in Sources */ = {isa = PBXBuildFile; fileRef = D6A945F422CA0694003CB220 /* Album.m */; };
		D6A9461622CA0694003CB220 /* ImageDirectionTool.m in Sources */ = {isa = PBXBuildFile; fileRef = D6A945F522CA0694003CB220 /* ImageDirectionTool.m */; };
		D6A9461722CA0694003CB220 /* MBProgressHUD.m in Sources */ = {isa = PBXBuildFile; fileRef = D6A945F922CA0694003CB220 /* MBProgressHUD.m */; };
		D6A9461822CA0694003CB220 /* LICENSE in Resources */ = {isa = PBXBuildFile; fileRef = D6A945FA22CA0694003CB220 /* LICENSE */; };
		D6A9461922CA0694003CB220 /* README.mdown in Resources */ = {isa = PBXBuildFile; fileRef = D6A945FC22CA0694003CB220 /* README.mdown */; };
		D6A9462C22CB2B14003CB220 /* CameraFlashlight.png in Resources */ = {isa = PBXBuildFile; fileRef = D6A9461B22CB2B14003CB220 /* CameraFlashlight.png */; };
		D6A9462D22CB2B14003CB220 /* CustomPhotoAlbumPreviewView_choose.png in Resources */ = {isa = PBXBuildFile; fileRef = D6A9461C22CB2B14003CB220 /* CustomPhotoAlbumPreviewView_choose.png */; };
		D6A9462E22CB2B14003CB220 /* ChooseLicenseAccessoryView_delete.png in Resources */ = {isa = PBXBuildFile; fileRef = D6A9461D22CB2B14003CB220 /* ChooseLicenseAccessoryView_delete.png */; };
		D6A9462F22CB2B14003CB220 /* CustomPhotoAlbumPreviewView_NoChoose.png in Resources */ = {isa = PBXBuildFile; fileRef = D6A9461E22CB2B14003CB220 /* CustomPhotoAlbumPreviewView_NoChoose.png */; };
		D6A9463022CB2B14003CB220 /* CameraFlashlight_Auto.png in Resources */ = {isa = PBXBuildFile; fileRef = D6A9461F22CB2B14003CB220 /* CameraFlashlight_Auto.png */; };
		D6A9463122CB2B14003CB220 /* photographButton.png in Resources */ = {isa = PBXBuildFile; fileRef = D6A9462022CB2B14003CB220 /* photographButton.png */; };
		D6A9463222CB2B14003CB220 /* fanhuian_white.png in Resources */ = {isa = PBXBuildFile; fileRef = D6A9462122CB2B14003CB220 /* fanhuian_white.png */; };
		D6A9463322CB2B14003CB220 /* CertificateCell_photo.png in Resources */ = {isa = PBXBuildFile; fileRef = D6A9462222CB2B14003CB220 /* CertificateCell_photo.png */; };
		D6A9463422CB2B14003CB220 /* CameraFlashlight_ON.png in Resources */ = {isa = PBXBuildFile; fileRef = D6A9462322CB2B14003CB220 /* CameraFlashlight_ON.png */; };
		D6A9463522CB2B14003CB220 /* CustomPhotoAlbum_expandImage.png in Resources */ = {isa = PBXBuildFile; fileRef = D6A9462422CB2B14003CB220 /* CustomPhotoAlbum_expandImage.png */; };
		D6A9463622CB2B14003CB220 /* CameraReversal.png in Resources */ = {isa = PBXBuildFile; fileRef = D6A9462522CB2B14003CB220 /* CameraReversal.png */; };
		D6A9463722CB2B14003CB220 /* blue_bg.png in Resources */ = {isa = PBXBuildFile; fileRef = D6A9462622CB2B14003CB220 /* blue_bg.png */; };
		D6A9463822CB2B14003CB220 /* CustomCameraVC_Album.png in Resources */ = {isa = PBXBuildFile; fileRef = D6A9462722CB2B14003CB220 /* CustomCameraVC_Album.png */; };
		D6A9463922CB2B14003CB220 /* CustomCameraCVCell_delete.png in Resources */ = {isa = PBXBuildFile; fileRef = D6A9462822CB2B14003CB220 /* CustomCameraCVCell_delete.png */; };
		D6A9463A22CB2B14003CB220 /* CustomPhotoAlbum_retractImage.png in Resources */ = {isa = PBXBuildFile; fileRef = D6A9462922CB2B14003CB220 /* CustomPhotoAlbum_retractImage.png */; };
		D6A9463B22CB2B14003CB220 /* blue_bg_Highlighted.png in Resources */ = {isa = PBXBuildFile; fileRef = D6A9462A22CB2B14003CB220 /* blue_bg_Highlighted.png */; };
		D6A9463C22CB2B14003CB220 /* CameraFlashlight_OFF.png in Resources */ = {isa = PBXBuildFile; fileRef = D6A9462B22CB2B14003CB220 /* CameraFlashlight_OFF.png */; };
		D6E5241322C9AADE0022BE96 /* AppDelegate.m in Sources */ = {isa = PBXBuildFile; fileRef = D6E5241222C9AADE0022BE96 /* AppDelegate.m */; };
		D6E5241622C9AADE0022BE96 /* ViewController.m in Sources */ = {isa = PBXBuildFile; fileRef = D6E5241522C9AADE0022BE96 /* ViewController.m */; };
		D6E5241922C9AADE0022BE96 /* Main.storyboard in Resources */ = {isa = PBXBuildFile; fileRef = D6E5241722C9AADE0022BE96 /* Main.storyboard */; };
		D6E5241B22C9AAE00022BE96 /* Assets.xcassets in Resources */ = {isa = PBXBuildFile; fileRef = D6E5241A22C9AAE00022BE96 /* Assets.xcassets */; };
		D6E5241E22C9AAE00022BE96 /* LaunchScreen.storyboard in Resources */ = {isa = PBXBuildFile; fileRef = D6E5241C22C9AAE00022BE96 /* LaunchScreen.storyboard */; };
		D6E5242122C9AAE00022BE96 /* main.m in Sources */ = {isa = PBXBuildFile; fileRef = D6E5242022C9AAE00022BE96 /* main.m */; };
/* End PBXBuildFile section */

/* Begin PBXFileReference section */
		5A82A3982FB057CF37865190 /* Pods-ZHYPhoto.release.xcconfig */ = {isa = PBXFileReference; includeInIndex = 1; lastKnownFileType = text.xcconfig; name = "Pods-ZHYPhoto.release.xcconfig"; path = "Target Support Files/Pods-ZHYPhoto/Pods-ZHYPhoto.release.xcconfig"; sourceTree = "<group>"; };
		95544C5E82A6861FAB729CEA /* Pods_ZHYPhoto.framework */ = {isa = PBXFileReference; explicitFileType = wrapper.framework; includeInIndex = 0; path = Pods_ZHYPhoto.framework; sourceTree = BUILT_PRODUCTS_DIR; };
		D6A945D022CA0694003CB220 /* ChooseLicenseAccessoryVC.m */ = {isa = PBXFileReference; fileEncoding = 4; lastKnownFileType = sourcecode.c.objc; path = ChooseLicenseAccessoryVC.m; sourceTree = "<group>"; };
		D6A945D122CA0694003CB220 /* ChooseLicenseAccessoryView.m */ = {isa = PBXFileReference; fileEncoding = 4; lastKnownFileType = sourcecode.c.objc; path = ChooseLicenseAccessoryView.m; sourceTree = "<group>"; };
		D6A945D222CA0694003CB220 /* ChooseLicenseAccessoryView.xib */ = {isa = PBXFileReference; fileEncoding = 4; lastKnownFileType = file.xib; path = ChooseLicenseAccessoryView.xib; sourceTree = "<group>"; };
		D6A945D322CA0694003CB220 /* ChooseLicenseAccessoryVC.h */ = {isa = PBXFileReference; fileEncoding = 4; lastKnownFileType = sourcecode.c.h; path = ChooseLicenseAccessoryVC.h; sourceTree = "<group>"; };
		D6A945D422CA0694003CB220 /* ChooseLicenseAccessoryView.h */ = {isa = PBXFileReference; fileEncoding = 4; lastKnownFileType = sourcecode.c.h; path = ChooseLicenseAccessoryView.h; sourceTree = "<group>"; };
		D6A945D522CA0694003CB220 /* ZHYPhoto.m */ = {isa = PBXFileReference; fileEncoding = 4; lastKnownFileType = sourcecode.c.objc; path = ZHYPhoto.m; sourceTree = "<group>"; };
		D6A945D722CA0694003CB220 /* ZHYPhoto.h */ = {isa = PBXFileReference; fileEncoding = 4; lastKnownFileType = sourcecode.c.h; path = ZHYPhoto.h; sourceTree = "<group>"; };
		D6A945D922CA0694003CB220 /* CustomCameraCVCell.h */ = {isa = PBXFileReference; fileEncoding = 4; lastKnownFileType = sourcecode.c.h; path = CustomCameraCVCell.h; sourceTree = "<group>"; };
		D6A945DA22CA0694003CB220 /* CustomCameraUsePhotoView.h */ = {isa = PBXFileReference; fileEncoding = 4; lastKnownFileType = sourcecode.c.h; path = CustomCameraUsePhotoView.h; sourceTree = "<group>"; };
		D6A945DB22CA0694003CB220 /* CustomCameraVC.h */ = {isa = PBXFileReference; fileEncoding = 4; lastKnownFileType = sourcecode.c.h; path = CustomCameraVC.h; sourceTree = "<group>"; };
		D6A945DC22CA0694003CB220 /* CustomCameraVC.xib */ = {isa = PBXFileReference; fileEncoding = 4; lastKnownFileType = file.xib; path = CustomCameraVC.xib; sourceTree = "<group>"; };
		D6A945DD22CA0694003CB220 /* CustomCameraCVCell.xib */ = {isa = PBXFileReference; fileEncoding = 4; lastKnownFileType = file.xib; path = CustomCameraCVCell.xib; sourceTree = "<group>"; };
		D6A945DE22CA0694003CB220 /* CustomCameraUsePhotoView.xib */ = {isa = PBXFileReference; fileEncoding = 4; lastKnownFileType = file.xib; path = CustomCameraUsePhotoView.xib; sourceTree = "<group>"; };
		D6A945DF22CA0694003CB220 /* CustomCameraCVCell.m */ = {isa = PBXFileReference; fileEncoding = 4; lastKnownFileType = sourcecode.c.objc; path = CustomCameraCVCell.m; sourceTree = "<group>"; };
		D6A945E022CA0694003CB220 /* CustomCameraVC.m */ = {isa = PBXFileReference; fileEncoding = 4; lastKnownFileType = sourcecode.c.objc; path = CustomCameraVC.m; sourceTree = "<group>"; };
		D6A945E122CA0694003CB220 /* CustomCameraUsePhotoView.m */ = {isa = PBXFileReference; fileEncoding = 4; lastKnownFileType = sourcecode.c.objc; path = CustomCameraUsePhotoView.m; sourceTree = "<group>"; };
		D6A945E322CA0694003CB220 /* CertificateCollectionViewCell.h */ = {isa = PBXFileReference; fileEncoding = 4; lastKnownFileType = sourcecode.c.h; path = CertificateCollectionViewCell.h; sourceTree = "<group>"; };
		D6A945E422CA0694003CB220 /* CertificateTableViewCell.h */ = {isa = PBXFileReference; fileEncoding = 4; lastKnownFileType = sourcecode.c.h; path = CertificateTableViewCell.h; sourceTree = "<group>"; };
		D6A945E522CA0694003CB220 /* CertificateTableViewCell.xib */ = {isa = PBXFileReference; fileEncoding = 4; lastKnownFileType = file.xib; path = CertificateTableViewCell.xib; sourceTree = "<group>"; };
		D6A945E622CA0694003CB220 /* CertificateCollectionViewCell.m */ = {isa = PBXFileReference; fileEncoding = 4; lastKnownFileType = sourcecode.c.objc; path = CertificateCollectionViewCell.m; sourceTree = "<group>"; };
		D6A945E722CA0694003CB220 /* CertificateTableViewCell.m */ = {isa = PBXFileReference; fileEncoding = 4; lastKnownFileType = sourcecode.c.objc; path = CertificateTableViewCell.m; sourceTree = "<group>"; };
		D6A945E822CA0694003CB220 /* CertificateCollectionViewCell.xib */ = {isa = PBXFileReference; fileEncoding = 4; lastKnownFileType = file.xib; path = CertificateCollectionViewCell.xib; sourceTree = "<group>"; };
		D6A945EA22CA0694003CB220 /* CustomPhotoAlbumPreviewView.m */ = {isa = PBXFileReference; fileEncoding = 4; lastKnownFileType = sourcecode.c.objc; path = CustomPhotoAlbumPreviewView.m; sourceTree = "<group>"; };
		D6A945EB22CA0694003CB220 /* CustomPhotoAlbum.h */ = {isa = PBXFileReference; fileEncoding = 4; lastKnownFileType = sourcecode.c.h; path = CustomPhotoAlbum.h; sourceTree = "<group>"; };
		D6A945EC22CA0694003CB220 /* CustomPhotoAlbumPreviewView.xib */ = {isa = PBXFileReference; fileEncoding = 4; lastKnownFileType = file.xib; path = CustomPhotoAlbumPreviewView.xib; sourceTree = "<group>"; };
		D6A945ED22CA0694003CB220 /* CustomPhotoAlbumPreviewView.h */ = {isa = PBXFileReference; fileEncoding = 4; lastKnownFileType = sourcecode.c.h; path = CustomPhotoAlbumPreviewView.h; sourceTree = "<group>"; };
		D6A945EE22CA0694003CB220 /* CustomPhotoAlbum.xib */ = {isa = PBXFileReference; fileEncoding = 4; lastKnownFileType = file.xib; path = CustomPhotoAlbum.xib; sourceTree = "<group>"; };
		D6A945EF22CA0694003CB220 /* CustomPhotoAlbum.m */ = {isa = PBXFileReference; fileEncoding = 4; lastKnownFileType = sourcecode.c.objc; path = CustomPhotoAlbum.m; sourceTree = "<group>"; };
		D6A945F122CA0694003CB220 /* AlbumTool.m */ = {isa = PBXFileReference; fileEncoding = 4; lastKnownFileType = sourcecode.c.objc; path = AlbumTool.m; sourceTree = "<group>"; };
		D6A945F222CA0694003CB220 /* CertificateCellModel.m */ = {isa = PBXFileReference; fileEncoding = 4; lastKnownFileType = sourcecode.c.objc; path = CertificateCellModel.m; sourceTree = "<group>"; };
		D6A945F322CA0694003CB220 /* ImagesScrollView.m */ = {isa = PBXFileReference; fileEncoding = 4; lastKnownFileType = sourcecode.c.objc; path = ImagesScrollView.m; sourceTree = "<group>"; };
		D6A945F422CA0694003CB220 /* Album.m */ = {isa = PBXFileReference; fileEncoding = 4; lastKnownFileType = sourcecode.c.objc; path = Album.m; sourceTree = "<group>"; };
		D6A945F522CA0694003CB220 /* ImageDirectionTool.m */ = {isa = PBXFileReference; fileEncoding = 4; lastKnownFileType = sourcecode.c.objc; path = ImageDirectionTool.m; sourceTree = "<group>"; };
		D6A945F622CA0694003CB220 /* CertificateCellModel.h */ = {isa = PBXFileReference; fileEncoding = 4; lastKnownFileType = sourcecode.c.h; path = CertificateCellModel.h; sourceTree = "<group>"; };
		D6A945F722CA0694003CB220 /* AlbumTool.h */ = {isa = PBXFileReference; fileEncoding = 4; lastKnownFileType = sourcecode.c.h; path = AlbumTool.h; sourceTree = "<group>"; };
		D6A945F922CA0694003CB220 /* MBProgressHUD.m */ = {isa = PBXFileReference; fileEncoding = 4; lastKnownFileType = sourcecode.c.objc; path = MBProgressHUD.m; sourceTree = "<group>"; };
		D6A945FA22CA0694003CB220 /* LICENSE */ = {isa = PBXFileReference; fileEncoding = 4; lastKnownFileType = text; path = LICENSE; sourceTree = "<group>"; };
		D6A945FB22CA0694003CB220 /* MBProgressHUD.h */ = {isa = PBXFileReference; fileEncoding = 4; lastKnownFileType = sourcecode.c.h; path = MBProgressHUD.h; sourceTree = "<group>"; };
		D6A945FC22CA0694003CB220 /* README.mdown */ = {isa = PBXFileReference; fileEncoding = 4; lastKnownFileType = net.daringfireball.markdown; path = README.mdown; sourceTree = "<group>"; };
		D6A945FD22CA0694003CB220 /* ImageDirectionTool.h */ = {isa = PBXFileReference; fileEncoding = 4; lastKnownFileType = sourcecode.c.h; path = ImageDirectionTool.h; sourceTree = "<group>"; };
		D6A945FE22CA0694003CB220 /* Album.h */ = {isa = PBXFileReference; fileEncoding = 4; lastKnownFileType = sourcecode.c.h; path = Album.h; sourceTree = "<group>"; };
		D6A945FF22CA0694003CB220 /* ImagesScrollView.h */ = {isa = PBXFileReference; fileEncoding = 4; lastKnownFileType = sourcecode.c.h; path = ImagesScrollView.h; sourceTree = "<group>"; };
		D6A9461B22CB2B14003CB220 /* CameraFlashlight.png */ = {isa = PBXFileReference; lastKnownFileType = image.png; path = CameraFlashlight.png; sourceTree = "<group>"; };
		D6A9461C22CB2B14003CB220 /* CustomPhotoAlbumPreviewView_choose.png */ = {isa = PBXFileReference; lastKnownFileType = image.png; path = CustomPhotoAlbumPreviewView_choose.png; sourceTree = "<group>"; };
		D6A9461D22CB2B14003CB220 /* ChooseLicenseAccessoryView_delete.png */ = {isa = PBXFileReference; lastKnownFileType = image.png; path = ChooseLicenseAccessoryView_delete.png; sourceTree = "<group>"; };
		D6A9461E22CB2B14003CB220 /* CustomPhotoAlbumPreviewView_NoChoose.png */ = {isa = PBXFileReference; lastKnownFileType = image.png; path = CustomPhotoAlbumPreviewView_NoChoose.png; sourceTree = "<group>"; };
		D6A9461F22CB2B14003CB220 /* CameraFlashlight_Auto.png */ = {isa = PBXFileReference; lastKnownFileType = image.png; path = CameraFlashlight_Auto.png; sourceTree = "<group>"; };
		D6A9462022CB2B14003CB220 /* photographButton.png */ = {isa = PBXFileReference; lastKnownFileType = image.png; path = photographButton.png; sourceTree = "<group>"; };
		D6A9462122CB2B14003CB220 /* fanhuian_white.png */ = {isa = PBXFileReference; lastKnownFileType = image.png; path = fanhuian_white.png; sourceTree = "<group>"; };
		D6A9462222CB2B14003CB220 /* CertificateCell_photo.png */ = {isa = PBXFileReference; lastKnownFileType = image.png; path = CertificateCell_photo.png; sourceTree = "<group>"; };
		D6A9462322CB2B14003CB220 /* CameraFlashlight_ON.png */ = {isa = PBXFileReference; lastKnownFileType = image.png; path = CameraFlashlight_ON.png; sourceTree = "<group>"; };
		D6A9462422CB2B14003CB220 /* CustomPhotoAlbum_expandImage.png */ = {isa = PBXFileReference; lastKnownFileType = image.png; path = CustomPhotoAlbum_expandImage.png; sourceTree = "<group>"; };
		D6A9462522CB2B14003CB220 /* CameraReversal.png */ = {isa = PBXFileReference; lastKnownFileType = image.png; path = CameraReversal.png; sourceTree = "<group>"; };
		D6A9462622CB2B14003CB220 /* blue_bg.png */ = {isa = PBXFileReference; lastKnownFileType = image.png; path = blue_bg.png; sourceTree = "<group>"; };
		D6A9462722CB2B14003CB220 /* CustomCameraVC_Album.png */ = {isa = PBXFileReference; lastKnownFileType = image.png; path = CustomCameraVC_Album.png; sourceTree = "<group>"; };
		D6A9462822CB2B14003CB220 /* CustomCameraCVCell_delete.png */ = {isa = PBXFileReference; lastKnownFileType = image.png; path = CustomCameraCVCell_delete.png; sourceTree = "<group>"; };
		D6A9462922CB2B14003CB220 /* CustomPhotoAlbum_retractImage.png */ = {isa = PBXFileReference; lastKnownFileType = image.png; path = CustomPhotoAlbum_retractImage.png; sourceTree = "<group>"; };
		D6A9462A22CB2B14003CB220 /* blue_bg_Highlighted.png */ = {isa = PBXFileReference; lastKnownFileType = image.png; path = blue_bg_Highlighted.png; sourceTree = "<group>"; };
		D6A9462B22CB2B14003CB220 /* CameraFlashlight_OFF.png */ = {isa = PBXFileReference; lastKnownFileType = image.png; path = CameraFlashlight_OFF.png; sourceTree = "<group>"; };
		D6E5240E22C9AADE0022BE96 /* ZHYPhoto.app */ = {isa = PBXFileReference; explicitFileType = wrapper.application; includeInIndex = 0; path = ZHYPhoto.app; sourceTree = BUILT_PRODUCTS_DIR; };
		D6E5241122C9AADE0022BE96 /* AppDelegate.h */ = {isa = PBXFileReference; lastKnownFileType = sourcecode.c.h; path = AppDelegate.h; sourceTree = "<group>"; };
		D6E5241222C9AADE0022BE96 /* AppDelegate.m */ = {isa = PBXFileReference; lastKnownFileType = sourcecode.c.objc; path = AppDelegate.m; sourceTree = "<group>"; };
		D6E5241422C9AADE0022BE96 /* ViewController.h */ = {isa = PBXFileReference; lastKnownFileType = sourcecode.c.h; path = ViewController.h; sourceTree = "<group>"; };
		D6E5241522C9AADE0022BE96 /* ViewController.m */ = {isa = PBXFileReference; lastKnownFileType = sourcecode.c.objc; path = ViewController.m; sourceTree = "<group>"; };
		D6E5241822C9AADE0022BE96 /* Base */ = {isa = PBXFileReference; lastKnownFileType = file.storyboard; name = Base; path = Base.lproj/Main.storyboard; sourceTree = "<group>"; };
		D6E5241A22C9AAE00022BE96 /* Assets.xcassets */ = {isa = PBXFileReference; lastKnownFileType = folder.assetcatalog; path = Assets.xcassets; sourceTree = "<group>"; };
		D6E5241D22C9AAE00022BE96 /* Base */ = {isa = PBXFileReference; lastKnownFileType = file.storyboard; name = Base; path = Base.lproj/LaunchScreen.storyboard; sourceTree = "<group>"; };
		D6E5241F22C9AAE00022BE96 /* Info.plist */ = {isa = PBXFileReference; lastKnownFileType = text.plist.xml; path = Info.plist; sourceTree = "<group>"; };
		D6E5242022C9AAE00022BE96 /* main.m */ = {isa = PBXFileReference; lastKnownFileType = sourcecode.c.objc; path = main.m; sourceTree = "<group>"; };
		DF20869CFDD0C3D24EFC700D /* Pods-ZHYPhoto.debug.xcconfig */ = {isa = PBXFileReference; includeInIndex = 1; lastKnownFileType = text.xcconfig; name = "Pods-ZHYPhoto.debug.xcconfig"; path = "Target Support Files/Pods-ZHYPhoto/Pods-ZHYPhoto.debug.xcconfig"; sourceTree = "<group>"; };
/* End PBXFileReference section */

/* Begin PBXFrameworksBuildPhase section */
		D6E5240B22C9AADE0022BE96 /* Frameworks */ = {
			isa = PBXFrameworksBuildPhase;
			buildActionMask = 2147483647;
			files = (
				BFBACA9B5DDD151DA29C56E4 /* Pods_ZHYPhoto.framework in Frameworks */,
			);
			runOnlyForDeploymentPostprocessing = 0;
		};
/* End PBXFrameworksBuildPhase section */

/* Begin PBXGroup section */
		7DFE4406C0BFB48DE4829E0D /* Pods */ = {
			isa = PBXGroup;
			children = (
				DF20869CFDD0C3D24EFC700D /* Pods-ZHYPhoto.debug.xcconfig */,
				5A82A3982FB057CF37865190 /* Pods-ZHYPhoto.release.xcconfig */,
			);
			path = Pods;
			sourceTree = "<group>";
		};
		BB9582ABC7CBB6E8310468C3 /* Frameworks */ = {
			isa = PBXGroup;
			children = (
				95544C5E82A6861FAB729CEA /* Pods_ZHYPhoto.framework */,
			);
			name = Frameworks;
			sourceTree = "<group>";
		};
		D6A945CE22CA0694003CB220 /* Source */ = {
			isa = PBXGroup;
			children = (
				D6A945D722CA0694003CB220 /* ZHYPhoto.h */,
				D6A945D522CA0694003CB220 /* ZHYPhoto.m */,
				D6A9461A22CB2B14003CB220 /* images */,
				D6A945CF22CA0694003CB220 /* 选择证照附件 */,
				D6A945D822CA0694003CB220 /* 照相模块 */,
				D6A945E222CA0694003CB220 /* cell部分 */,
				D6A945E922CA0694003CB220 /* 相机胶卷 */,
				D6A945F022CA0694003CB220 /* Tool */,
			);
			name = Source;
			path = ../../../Source;
			sourceTree = "<group>";
		};
		D6A945CF22CA0694003CB220 /* 选择证照附件 */ = {
			isa = PBXGroup;
			children = (
				D6A945D022CA0694003CB220 /* ChooseLicenseAccessoryVC.m */,
				D6A945D122CA0694003CB220 /* ChooseLicenseAccessoryView.m */,
				D6A945D222CA0694003CB220 /* ChooseLicenseAccessoryView.xib */,
				D6A945D322CA0694003CB220 /* ChooseLicenseAccessoryVC.h */,
				D6A945D422CA0694003CB220 /* ChooseLicenseAccessoryView.h */,
			);
			path = "选择证照附件";
			sourceTree = "<group>";
		};
		D6A945D822CA0694003CB220 /* 照相模块 */ = {
			isa = PBXGroup;
			children = (
				D6A945D922CA0694003CB220 /* CustomCameraCVCell.h */,
				D6A945DA22CA0694003CB220 /* CustomCameraUsePhotoView.h */,
				D6A945DB22CA0694003CB220 /* CustomCameraVC.h */,
				D6A945DC22CA0694003CB220 /* CustomCameraVC.xib */,
				D6A945DD22CA0694003CB220 /* CustomCameraCVCell.xib */,
				D6A945DE22CA0694003CB220 /* CustomCameraUsePhotoView.xib */,
				D6A945DF22CA0694003CB220 /* CustomCameraCVCell.m */,
				D6A945E022CA0694003CB220 /* CustomCameraVC.m */,
				D6A945E122CA0694003CB220 /* CustomCameraUsePhotoView.m */,
			);
			path = "照相模块";
			sourceTree = "<group>";
		};
		D6A945E222CA0694003CB220 /* cell部分 */ = {
			isa = PBXGroup;
			children = (
				D6A945E322CA0694003CB220 /* CertificateCollectionViewCell.h */,
				D6A945E422CA0694003CB220 /* CertificateTableViewCell.h */,
				D6A945E522CA0694003CB220 /* CertificateTableViewCell.xib */,
				D6A945E622CA0694003CB220 /* CertificateCollectionViewCell.m */,
				D6A945E722CA0694003CB220 /* CertificateTableViewCell.m */,
				D6A945E822CA0694003CB220 /* CertificateCollectionViewCell.xib */,
			);
			path = "cell部分";
			sourceTree = "<group>";
		};
		D6A945E922CA0694003CB220 /* 相机胶卷 */ = {
			isa = PBXGroup;
			children = (
				D6A945EA22CA0694003CB220 /* CustomPhotoAlbumPreviewView.m */,
				D6A945EB22CA0694003CB220 /* CustomPhotoAlbum.h */,
				D6A945EC22CA0694003CB220 /* CustomPhotoAlbumPreviewView.xib */,
				D6A945ED22CA0694003CB220 /* CustomPhotoAlbumPreviewView.h */,
				D6A945EE22CA0694003CB220 /* CustomPhotoAlbum.xib */,
				D6A945EF22CA0694003CB220 /* CustomPhotoAlbum.m */,
			);
			path = "相机胶卷";
			sourceTree = "<group>";
		};
		D6A945F022CA0694003CB220 /* Tool */ = {
			isa = PBXGroup;
			children = (
				D6A945F122CA0694003CB220 /* AlbumTool.m */,
				D6A945F222CA0694003CB220 /* CertificateCellModel.m */,
				D6A945F322CA0694003CB220 /* ImagesScrollView.m */,
				D6A945F422CA0694003CB220 /* Album.m */,
				D6A945F522CA0694003CB220 /* ImageDirectionTool.m */,
				D6A945F622CA0694003CB220 /* CertificateCellModel.h */,
				D6A945F722CA0694003CB220 /* AlbumTool.h */,
				D6A945F822CA0694003CB220 /* MBProgressHUD */,
				D6A945FD22CA0694003CB220 /* ImageDirectionTool.h */,
				D6A945FE22CA0694003CB220 /* Album.h */,
				D6A945FF22CA0694003CB220 /* ImagesScrollView.h */,
			);
			path = Tool;
			sourceTree = "<group>";
		};
		D6A945F822CA0694003CB220 /* MBProgressHUD */ = {
			isa = PBXGroup;
			children = (
				D6A945F922CA0694003CB220 /* MBProgressHUD.m */,
				D6A945FA22CA0694003CB220 /* LICENSE */,
				D6A945FB22CA0694003CB220 /* MBProgressHUD.h */,
				D6A945FC22CA0694003CB220 /* README.mdown */,
			);
			path = MBProgressHUD;
			sourceTree = "<group>";
		};
		D6A9461A22CB2B14003CB220 /* images */ = {
			isa = PBXGroup;
			children = (
				D6A9461B22CB2B14003CB220 /* CameraFlashlight.png */,
				D6A9461C22CB2B14003CB220 /* CustomPhotoAlbumPreviewView_choose.png */,
				D6A9461D22CB2B14003CB220 /* ChooseLicenseAccessoryView_delete.png */,
				D6A9461E22CB2B14003CB220 /* CustomPhotoAlbumPreviewView_NoChoose.png */,
				D6A9461F22CB2B14003CB220 /* CameraFlashlight_Auto.png */,
				D6A9462022CB2B14003CB220 /* photographButton.png */,
				D6A9462122CB2B14003CB220 /* fanhuian_white.png */,
				D6A9462222CB2B14003CB220 /* CertificateCell_photo.png */,
				D6A9462322CB2B14003CB220 /* CameraFlashlight_ON.png */,
				D6A9462422CB2B14003CB220 /* CustomPhotoAlbum_expandImage.png */,
				D6A9462522CB2B14003CB220 /* CameraReversal.png */,
				D6A9462622CB2B14003CB220 /* blue_bg.png */,
				D6A9462722CB2B14003CB220 /* CustomCameraVC_Album.png */,
				D6A9462822CB2B14003CB220 /* CustomCameraCVCell_delete.png */,
				D6A9462922CB2B14003CB220 /* CustomPhotoAlbum_retractImage.png */,
				D6A9462A22CB2B14003CB220 /* blue_bg_Highlighted.png */,
				D6A9462B22CB2B14003CB220 /* CameraFlashlight_OFF.png */,
			);
			path = images;
			sourceTree = "<group>";
		};
		D6E5240522C9AADE0022BE96 = {
			isa = PBXGroup;
			children = (
				D6E5241022C9AADE0022BE96 /* ZHYPhoto */,
				D6E5240F22C9AADE0022BE96 /* Products */,
				7DFE4406C0BFB48DE4829E0D /* Pods */,
				BB9582ABC7CBB6E8310468C3 /* Frameworks */,
			);
			sourceTree = "<group>";
		};
		D6E5240F22C9AADE0022BE96 /* Products */ = {
			isa = PBXGroup;
			children = (
				D6E5240E22C9AADE0022BE96 /* ZHYPhoto.app */,
			);
			name = Products;
			sourceTree = "<group>";
		};
		D6E5241022C9AADE0022BE96 /* ZHYPhoto */ = {
			isa = PBXGroup;
			children = (
				D6A945CE22CA0694003CB220 /* Source */,
				D6E5241122C9AADE0022BE96 /* AppDelegate.h */,
				D6E5241222C9AADE0022BE96 /* AppDelegate.m */,
				D6E5241422C9AADE0022BE96 /* ViewController.h */,
				D6E5241522C9AADE0022BE96 /* ViewController.m */,
				D6E5241722C9AADE0022BE96 /* Main.storyboard */,
				D6E5241A22C9AAE00022BE96 /* Assets.xcassets */,
				D6E5241C22C9AAE00022BE96 /* LaunchScreen.storyboard */,
				D6E5241F22C9AAE00022BE96 /* Info.plist */,
				D6E5242022C9AAE00022BE96 /* main.m */,
			);
			path = ZHYPhoto;
			sourceTree = "<group>";
		};
/* End PBXGroup section */

/* Begin PBXNativeTarget section */
		D6E5240D22C9AADE0022BE96 /* ZHYPhoto */ = {
			isa = PBXNativeTarget;
			buildConfigurationList = D6E5242422C9AAE00022BE96 /* Build configuration list for PBXNativeTarget "ZHYPhoto" */;
			buildPhases = (
				FF67D777D1C537B9CA127232 /* [CP] Check Pods Manifest.lock */,
				D6E5240A22C9AADE0022BE96 /* Sources */,
				D6E5240B22C9AADE0022BE96 /* Frameworks */,
				D6E5240C22C9AADE0022BE96 /* Resources */,
			);
			buildRules = (
			);
			dependencies = (
			);
			name = ZHYPhoto;
			productName = ZHYPhoto;
			productReference = D6E5240E22C9AADE0022BE96 /* ZHYPhoto.app */;
			productType = "com.apple.product-type.application";
		};
/* End PBXNativeTarget section */

/* Begin PBXProject section */
		D6E5240622C9AADE0022BE96 /* Project object */ = {
			isa = PBXProject;
			attributes = {
				LastUpgradeCheck = 1020;
				ORGANIZATIONNAME = "赵宏亚";
				TargetAttributes = {
					D6E5240D22C9AADE0022BE96 = {
						CreatedOnToolsVersion = 10.2.1;
					};
				};
			};
			buildConfigurationList = D6E5240922C9AADE0022BE96 /* Build configuration list for PBXProject "ZHYPhoto" */;
			compatibilityVersion = "Xcode 9.3";
			developmentRegion = en;
			hasScannedForEncodings = 0;
			knownRegions = (
				en,
				Base,
			);
			mainGroup = D6E5240522C9AADE0022BE96;
			productRefGroup = D6E5240F22C9AADE0022BE96 /* Products */;
			projectDirPath = "";
			projectRoot = "";
			targets = (
				D6E5240D22C9AADE0022BE96 /* ZHYPhoto */,
			);
		};
/* End PBXProject section */

/* Begin PBXResourcesBuildPhase section */
		D6E5240C22C9AADE0022BE96 /* Resources */ = {
			isa = PBXResourcesBuildPhase;
			buildActionMask = 2147483647;
			files = (
				D6A9461922CA0694003CB220 /* README.mdown in Resources */,
				D6A9461022CA0694003CB220 /* CustomPhotoAlbum.xib in Resources */,
				D6A9463822CB2B14003CB220 /* CustomCameraVC_Album.png in Resources */,
				D6A9460522CA0694003CB220 /* CustomCameraCVCell.xib in Resources */,
				D6A9460F22CA0694003CB220 /* CustomPhotoAlbumPreviewView.xib in Resources */,
				D6A9460422CA0694003CB220 /* CustomCameraVC.xib in Resources */,
				D6A9462E22CB2B14003CB220 /* ChooseLicenseAccessoryView_delete.png in Resources */,
				D6A9460D22CA0694003CB220 /* CertificateCollectionViewCell.xib in Resources */,
				D6A9460622CA0694003CB220 /* CustomCameraUsePhotoView.xib in Resources */,
				D6A9462F22CB2B14003CB220 /* CustomPhotoAlbumPreviewView_NoChoose.png in Resources */,
				D6A9463522CB2B14003CB220 /* CustomPhotoAlbum_expandImage.png in Resources */,
				D6A9463A22CB2B14003CB220 /* CustomPhotoAlbum_retractImage.png in Resources */,
				D6A9463422CB2B14003CB220 /* CameraFlashlight_ON.png in Resources */,
				D6A9461822CA0694003CB220 /* LICENSE in Resources */,
				D6A9460A22CA0694003CB220 /* CertificateTableViewCell.xib in Resources */,
				D6A9463B22CB2B14003CB220 /* blue_bg_Highlighted.png in Resources */,
				D6A9463322CB2B14003CB220 /* CertificateCell_photo.png in Resources */,
				D6A9463222CB2B14003CB220 /* fanhuian_white.png in Resources */,
				D6E5241E22C9AAE00022BE96 /* LaunchScreen.storyboard in Resources */,
				D6E5241B22C9AAE00022BE96 /* Assets.xcassets in Resources */,
				D6A9463C22CB2B14003CB220 /* CameraFlashlight_OFF.png in Resources */,
				D6A9463922CB2B14003CB220 /* CustomCameraCVCell_delete.png in Resources */,
				D6A9463122CB2B14003CB220 /* photographButton.png in Resources */,
				D6A9463622CB2B14003CB220 /* CameraReversal.png in Resources */,
				D6A9462D22CB2B14003CB220 /* CustomPhotoAlbumPreviewView_choose.png in Resources */,
				D6A9460222CA0694003CB220 /* ChooseLicenseAccessoryView.xib in Resources */,
				D6A9463022CB2B14003CB220 /* CameraFlashlight_Auto.png in Resources */,
				D6A9462C22CB2B14003CB220 /* CameraFlashlight.png in Resources */,
				D6E5241922C9AADE0022BE96 /* Main.storyboard in Resources */,
				D6A9463722CB2B14003CB220 /* blue_bg.png in Resources */,
			);
			runOnlyForDeploymentPostprocessing = 0;
		};
/* End PBXResourcesBuildPhase section */

/* Begin PBXShellScriptBuildPhase section */
		FF67D777D1C537B9CA127232 /* [CP] Check Pods Manifest.lock */ = {
			isa = PBXShellScriptBuildPhase;
			buildActionMask = 2147483647;
			files = (
			);
			inputFileListPaths = (
			);
			inputPaths = (
				"${PODS_PODFILE_DIR_PATH}/Podfile.lock",
				"${PODS_ROOT}/Manifest.lock",
			);
			name = "[CP] Check Pods Manifest.lock";
			outputFileListPaths = (
			);
			outputPaths = (
				"$(DERIVED_FILE_DIR)/Pods-ZHYPhoto-checkManifestLockResult.txt",
			);
			runOnlyForDeploymentPostprocessing = 0;
			shellPath = /bin/sh;
			shellScript = "diff \"${PODS_PODFILE_DIR_PATH}/Podfile.lock\" \"${PODS_ROOT}/Manifest.lock\" > /dev/null\nif [ $? != 0 ] ; then\n    # print error to STDERR\n    echo \"error: The sandbox is not in sync with the Podfile.lock. Run 'pod install' or update your CocoaPods installation.\" >&2\n    exit 1\nfi\n# This output is used by Xcode 'outputs' to avoid re-running this script phase.\necho \"SUCCESS\" > \"${SCRIPT_OUTPUT_FILE_0}\"\n";
			showEnvVarsInLog = 0;
		};
/* End PBXShellScriptBuildPhase section */

/* Begin PBXSourcesBuildPhase section */
		D6E5240A22C9AADE0022BE96 /* Sources */ = {
			isa = PBXSourcesBuildPhase;
			buildActionMask = 2147483647;
			files = (
				D6A9460B22CA0694003CB220 /* CertificateCollectionViewCell.m in Sources */,
				D6A9460922CA0694003CB220 /* CustomCameraUsePhotoView.m in Sources */,
				D6A9460C22CA0694003CB220 /* CertificateTableViewCell.m in Sources */,
				D6A9460822CA0694003CB220 /* CustomCameraVC.m in Sources */,
				D6A9460322CA0694003CB220 /* ZHYPhoto.m in Sources */,
				D6A9461222CA0694003CB220 /* AlbumTool.m in Sources */,
				D6A9460722CA0694003CB220 /* CustomCameraCVCell.m in Sources */,
				D6A9461722CA0694003CB220 /* MBProgressHUD.m in Sources */,
				D6A9461322CA0694003CB220 /* CertificateCellModel.m in Sources */,
				D6E5241622C9AADE0022BE96 /* ViewController.m in Sources */,
				D6A9460E22CA0694003CB220 /* CustomPhotoAlbumPreviewView.m in Sources */,
				D6E5242122C9AAE00022BE96 /* main.m in Sources */,
				D6A9460022CA0694003CB220 /* ChooseLicenseAccessoryVC.m in Sources */,
				D6A9461122CA0694003CB220 /* CustomPhotoAlbum.m in Sources */,
				D6A9461622CA0694003CB220 /* ImageDirectionTool.m in Sources */,
				D6A9461522CA0694003CB220 /* Album.m in Sources */,
				D6A9461422CA0694003CB220 /* ImagesScrollView.m in Sources */,
				D6E5241322C9AADE0022BE96 /* AppDelegate.m in Sources */,
				D6A9460122CA0694003CB220 /* ChooseLicenseAccessoryView.m in Sources */,
			);
			runOnlyForDeploymentPostprocessing = 0;
		};
/* End PBXSourcesBuildPhase section */

/* Begin PBXVariantGroup section */
		D6E5241722C9AADE0022BE96 /* Main.storyboard */ = {
			isa = PBXVariantGroup;
			children = (
				D6E5241822C9AADE0022BE96 /* Base */,
			);
			name = Main.storyboard;
			sourceTree = "<group>";
		};
		D6E5241C22C9AAE00022BE96 /* LaunchScreen.storyboard */ = {
			isa = PBXVariantGroup;
			children = (
				D6E5241D22C9AAE00022BE96 /* Base */,
			);
			name = LaunchScreen.storyboard;
			sourceTree = "<group>";
		};
/* End PBXVariantGroup section */

/* Begin XCBuildConfiguration section */
		D6E5242222C9AAE00022BE96 /* Debug */ = {
			isa = XCBuildConfiguration;
			buildSettings = {
				ALWAYS_SEARCH_USER_PATHS = NO;
				CLANG_ANALYZER_NONNULL = YES;
				CLANG_ANALYZER_NUMBER_OBJECT_CONVERSION = YES_AGGRESSIVE;
				CLANG_CXX_LANGUAGE_STANDARD = "gnu++14";
				CLANG_CXX_LIBRARY = "libc++";
				CLANG_ENABLE_MODULES = YES;
				CLANG_ENABLE_OBJC_ARC = YES;
				CLANG_ENABLE_OBJC_WEAK = YES;
				CLANG_WARN_BLOCK_CAPTURE_AUTORELEASING = YES;
				CLANG_WARN_BOOL_CONVERSION = YES;
				CLANG_WARN_COMMA = YES;
				CLANG_WARN_CONSTANT_CONVERSION = YES;
				CLANG_WARN_DEPRECATED_OBJC_IMPLEMENTATIONS = YES;
				CLANG_WARN_DIRECT_OBJC_ISA_USAGE = YES_ERROR;
				CLANG_WARN_DOCUMENTATION_COMMENTS = YES;
				CLANG_WARN_EMPTY_BODY = YES;
				CLANG_WARN_ENUM_CONVERSION = YES;
				CLANG_WARN_INFINITE_RECURSION = YES;
				CLANG_WARN_INT_CONVERSION = YES;
				CLANG_WARN_NON_LITERAL_NULL_CONVERSION = YES;
				CLANG_WARN_OBJC_IMPLICIT_RETAIN_SELF = YES;
				CLANG_WARN_OBJC_LITERAL_CONVERSION = YES;
				CLANG_WARN_OBJC_ROOT_CLASS = YES_ERROR;
				CLANG_WARN_RANGE_LOOP_ANALYSIS = YES;
				CLANG_WARN_STRICT_PROTOTYPES = YES;
				CLANG_WARN_SUSPICIOUS_MOVE = YES;
				CLANG_WARN_UNGUARDED_AVAILABILITY = YES_AGGRESSIVE;
				CLANG_WARN_UNREACHABLE_CODE = YES;
				CLANG_WARN__DUPLICATE_METHOD_MATCH = YES;
				CODE_SIGN_IDENTITY = "iPhone Developer";
				COPY_PHASE_STRIP = NO;
				DEBUG_INFORMATION_FORMAT = dwarf;
				ENABLE_STRICT_OBJC_MSGSEND = YES;
				ENABLE_TESTABILITY = YES;
				GCC_C_LANGUAGE_STANDARD = gnu11;
				GCC_DYNAMIC_NO_PIC = NO;
				GCC_NO_COMMON_BLOCKS = YES;
				GCC_OPTIMIZATION_LEVEL = 0;
				GCC_PREPROCESSOR_DEFINITIONS = (
					"DEBUG=1",
					"$(inherited)",
				);
				GCC_WARN_64_TO_32_BIT_CONVERSION = YES;
				GCC_WARN_ABOUT_RETURN_TYPE = YES_ERROR;
				GCC_WARN_UNDECLARED_SELECTOR = YES;
				GCC_WARN_UNINITIALIZED_AUTOS = YES_AGGRESSIVE;
				GCC_WARN_UNUSED_FUNCTION = YES;
				GCC_WARN_UNUSED_VARIABLE = YES;
				IPHONEOS_DEPLOYMENT_TARGET = 12.2;
				MTL_ENABLE_DEBUG_INFO = INCLUDE_SOURCE;
				MTL_FAST_MATH = YES;
				ONLY_ACTIVE_ARCH = YES;
				SDKROOT = iphoneos;
			};
			name = Debug;
		};
		D6E5242322C9AAE00022BE96 /* Release */ = {
			isa = XCBuildConfiguration;
			buildSettings = {
				ALWAYS_SEARCH_USER_PATHS = NO;
				CLANG_ANALYZER_NONNULL = YES;
				CLANG_ANALYZER_NUMBER_OBJECT_CONVERSION = YES_AGGRESSIVE;
				CLANG_CXX_LANGUAGE_STANDARD = "gnu++14";
				CLANG_CXX_LIBRARY = "libc++";
				CLANG_ENABLE_MODULES = YES;
				CLANG_ENABLE_OBJC_ARC = YES;
				CLANG_ENABLE_OBJC_WEAK = YES;
				CLANG_WARN_BLOCK_CAPTURE_AUTORELEASING = YES;
				CLANG_WARN_BOOL_CONVERSION = YES;
				CLANG_WARN_COMMA = YES;
				CLANG_WARN_CONSTANT_CONVERSION = YES;
				CLANG_WARN_DEPRECATED_OBJC_IMPLEMENTATIONS = YES;
				CLANG_WARN_DIRECT_OBJC_ISA_USAGE = YES_ERROR;
				CLANG_WARN_DOCUMENTATION_COMMENTS = YES;
				CLANG_WARN_EMPTY_BODY = YES;
				CLANG_WARN_ENUM_CONVERSION = YES;
				CLANG_WARN_INFINITE_RECURSION = YES;
				CLANG_WARN_INT_CONVERSION = YES;
				CLANG_WARN_NON_LITERAL_NULL_CONVERSION = YES;
				CLANG_WARN_OBJC_IMPLICIT_RETAIN_SELF = YES;
				CLANG_WARN_OBJC_LITERAL_CONVERSION = YES;
				CLANG_WARN_OBJC_ROOT_CLASS = YES_ERROR;
				CLANG_WARN_RANGE_LOOP_ANALYSIS = YES;
				CLANG_WARN_STRICT_PROTOTYPES = YES;
				CLANG_WARN_SUSPICIOUS_MOVE = YES;
				CLANG_WARN_UNGUARDED_AVAILABILITY = YES_AGGRESSIVE;
				CLANG_WARN_UNREACHABLE_CODE = YES;
				CLANG_WARN__DUPLICATE_METHOD_MATCH = YES;
				CODE_SIGN_IDENTITY = "iPhone Developer";
				COPY_PHASE_STRIP = NO;
				DEBUG_INFORMATION_FORMAT = "dwarf-with-dsym";
				ENABLE_NS_ASSERTIONS = NO;
				ENABLE_STRICT_OBJC_MSGSEND = YES;
				GCC_C_LANGUAGE_STANDARD = gnu11;
				GCC_NO_COMMON_BLOCKS = YES;
				GCC_WARN_64_TO_32_BIT_CONVERSION = YES;
				GCC_WARN_ABOUT_RETURN_TYPE = YES_ERROR;
				GCC_WARN_UNDECLARED_SELECTOR = YES;
				GCC_WARN_UNINITIALIZED_AUTOS = YES_AGGRESSIVE;
				GCC_WARN_UNUSED_FUNCTION = YES;
				GCC_WARN_UNUSED_VARIABLE = YES;
				IPHONEOS_DEPLOYMENT_TARGET = 12.2;
				MTL_ENABLE_DEBUG_INFO = NO;
				MTL_FAST_MATH = YES;
				SDKROOT = iphoneos;
				VALIDATE_PRODUCT = YES;
			};
			name = Release;
		};
		D6E5242522C9AAE00022BE96 /* Debug */ = {
			isa = XCBuildConfiguration;
			baseConfigurationReference = DF20869CFDD0C3D24EFC700D /* Pods-ZHYPhoto.debug.xcconfig */;
			buildSettings = {
				ASSETCATALOG_COMPILER_APPICON_NAME = AppIcon;
				CODE_SIGN_STYLE = Automatic;
				DEVELOPMENT_TEAM = M2VMV6XMH2;
				INFOPLIST_FILE = ZHYPhoto/Info.plist;
				IPHONEOS_DEPLOYMENT_TARGET = 9.0;
				LD_RUNPATH_SEARCH_PATHS = (
					"$(inherited)",
					"@executable_path/Frameworks",
				);
				PRODUCT_BUNDLE_IDENTIFIER = zhaohongya.ZHYPhoto;
				PRODUCT_NAME = "$(TARGET_NAME)";
				TARGETED_DEVICE_FAMILY = "1,2";
			};
			name = Debug;
		};
		D6E5242622C9AAE00022BE96 /* Release */ = {
			isa = XCBuildConfiguration;
			baseConfigurationReference = 5A82A3982FB057CF37865190 /* Pods-ZHYPhoto.release.xcconfig */;
			buildSettings = {
				ASSETCATALOG_COMPILER_APPICON_NAME = AppIcon;
				CODE_SIGN_STYLE = Automatic;
				DEVELOPMENT_TEAM = M2VMV6XMH2;
				INFOPLIST_FILE = ZHYPhoto/Info.plist;
				IPHONEOS_DEPLOYMENT_TARGET = 9.0;
				LD_RUNPATH_SEARCH_PATHS = (
					"$(inherited)",
					"@executable_path/Frameworks",
				);
				PRODUCT_BUNDLE_IDENTIFIER = zhaohongya.ZHYPhoto;
				PRODUCT_NAME = "$(TARGET_NAME)";
				TARGETED_DEVICE_FAMILY = "1,2";
			};
			name = Release;
		};
/* End XCBuildConfiguration section */

/* Begin XCConfigurationList section */
		D6E5240922C9AADE0022BE96 /* Build configuration list for PBXProject "ZHYPhoto" */ = {
			isa = XCConfigurationList;
			buildConfigurations = (
				D6E5242222C9AAE00022BE96 /* Debug */,
				D6E5242322C9AAE00022BE96 /* Release */,
			);
			defaultConfigurationIsVisible = 0;
			defaultConfigurationName = Release;
		};
		D6E5242422C9AAE00022BE96 /* Build configuration list for PBXNativeTarget "ZHYPhoto" */ = {
			isa = XCConfigurationList;
			buildConfigurations = (
				D6E5242522C9AAE00022BE96 /* Debug */,
				D6E5242622C9AAE00022BE96 /* Release */,
			);
			defaultConfigurationIsVisible = 0;
			defaultConfigurationName = Release;
		};
/* End XCConfigurationList section */
	};
	rootObject = D6E5240622C9AADE0022BE96 /* Project object */;
}
